
Microsoft Visual Studio Solution File, Format Version 12.00
# Visual Studio 2012
Project("{FAE04EC0-301F-11D3-BF4B-00C04F79EFBC}") = "GeoNervesCore", "GeoNervesCore\GeoNervesCore.csproj", "{DF396FEB-4F3E-4316-8061-20E7F47FE3B0}"
EndProject
Project("{FAE04EC0-301F-11D3-BF4B-00C04F79EFBC}") = "GeoNervesCore.Tests", "GeoNervesCore.Tests\GeoNervesCore.Tests.csproj", "{B4F2BE17-A2CB-43BB-8EF8-8058A31C350D}"
EndProject
Global
	GlobalSection(SolutionConfigurationPlatforms) = preSolution
		Debug|Any CPU = Debug|Any CPU
		Release|Any CPU = Release|Any CPU
	EndGlobalSection
	GlobalSection(ProjectConfigurationPlatforms) = postSolution
		{DF396FEB-4F3E-4316-8061-20E7F47FE3B0}.Debug|Any CPU.ActiveCfg = Debug|Any CPU
		{DF396FEB-4F3E-4316-8061-20E7F47FE3B0}.Debug|Any CPU.Build.0 = Debug|Any CPU
		{DF396FEB-4F3E-4316-8061-20E7F47FE3B0}.Release|Any CPU.ActiveCfg = Release|Any CPU
		{DF396FEB-4F3E-4316-8061-20E7F47FE3B0}.Release|Any CPU.Build.0 = Release|Any CPU
		{B4F2BE17-A2CB-43BB-8EF8-8058A31C350D}.Debug|Any CPU.ActiveCfg = Debug|Any CPU
		{B4F2BE17-A2CB-43BB-8EF8-8058A31C350D}.Debug|Any CPU.Build.0 = Debug|Any CPU
		{B4F2BE17-A2CB-43BB-8EF8-8058A31C350D}.Release|Any CPU.ActiveCfg = Release|Any CPU
		{B4F2BE17-A2CB-43BB-8EF8-8058A31C350D}.Release|Any CPU.Build.0 = Release|Any CPU
	EndGlobalSection
EndGlobal
